// !$*UTF8*$!
{
	archiveVersion = 1;
	classes = {
	};
	objectVersion = 50;
	objects = {

/* Begin PBXBuildFile section */
		701403CD22FC9BAA0069B950 /* RatingControl.swift in Sources */ = {isa = PBXBuildFile; fileRef = 701403CC22FC9BAA0069B950 /* RatingControl.swift */; };
		7016EFF622FD9A2900CE44F7 /* Meal.swift in Sources */ = {isa = PBXBuildFile; fileRef = 7016EFF522FD9A2900CE44F7 /* Meal.swift */; };
		703F179022F9635E000DE5DC /* AppDelegate.swift in Sources */ = {isa = PBXBuildFile; fileRef = 703F178F22F9635E000DE5DC /* AppDelegate.swift */; };
		703F179222F9635E000DE5DC /* MealViewController.swift in Sources */ = {isa = PBXBuildFile; fileRef = 703F179122F9635E000DE5DC /* MealViewController.swift */; };
		703F179522F9635E000DE5DC /* Main.storyboard in Resources */ = {isa = PBXBuildFile; fileRef = 703F179322F9635E000DE5DC /* Main.storyboard */; };
		703F179722F96360000DE5DC /* Assets.xcassets in Resources */ = {isa = PBXBuildFile; fileRef = 703F179622F96360000DE5DC /* Assets.xcassets */; };
		703F179A22F96360000DE5DC /* LaunchScreen.storyboard in Resources */ = {isa = PBXBuildFile; fileRef = 703F179822F96360000DE5DC /* LaunchScreen.storyboard */; };
		70C38B8D2316FFF50047DE4A /* MealTrackerTests.swift in Sources */ = {isa = PBXBuildFile; fileRef = 70C38B8C2316FFF50047DE4A /* MealTrackerTests.swift */; };
		70C38B952317DC930047DE4A /* MealTableViewCell.swift in Sources */ = {isa = PBXBuildFile; fileRef = 70C38B942317DC930047DE4A /* MealTableViewCell.swift */; };
		70C38B992317F10B0047DE4A /* MealTableViewController.swift in Sources */ = {isa = PBXBuildFile; fileRef = 70C38B982317F10B0047DE4A /* MealTableViewController.swift */; };
/* End PBXBuildFile section */

/* Begin PBXContainerItemProxy section */
		70C38B8F2316FFF50047DE4A /* PBXContainerItemProxy */ = {
			isa = PBXContainerItemProxy;
			containerPortal = 703F178422F9635E000DE5DC /* Project object */;
			proxyType = 1;
			remoteGlobalIDString = 703F178B22F9635E000DE5DC;
			remoteInfo = MealTracker;
		};
/* End PBXContainerItemProxy section */

/* Begin PBXFileReference section */
		701403CC22FC9BAA0069B950 /* RatingControl.swift */ = {isa = PBXFileReference; lastKnownFileType = sourcecode.swift; path = RatingControl.swift; sourceTree = "<group>"; };
		7016EFF522FD9A2900CE44F7 /* Meal.swift */ = {isa = PBXFileReference; lastKnownFileType = sourcecode.swift; path = Meal.swift; sourceTree = "<group>"; };
		703F178C22F9635E000DE5DC /* MealTracker.app */ = {isa = PBXFileReference; explicitFileType = wrapper.application; includeInIndex = 0; path = MealTracker.app; sourceTree = BUILT_PRODUCTS_DIR; };
		703F178F22F9635E000DE5DC /* AppDelegate.swift */ = {isa = PBXFileReference; lastKnownFileType = sourcecode.swift; path = AppDelegate.swift; sourceTree = "<group>"; };
		703F179122F9635E000DE5DC /* MealViewController.swift */ = {isa = PBXFileReference; lastKnownFileType = sourcecode.swift; path = MealViewController.swift; sourceTree = "<group>"; };
		703F179422F9635E000DE5DC /* Base */ = {isa = PBXFileReference; lastKnownFileType = file.storyboard; name = Base; path = Base.lproj/Main.storyboard; sourceTree = "<group>"; };
		703F179622F96360000DE5DC /* Assets.xcassets */ = {isa = PBXFileReference; lastKnownFileType = folder.assetcatalog; path = Assets.xcassets; sourceTree = "<group>"; };
		703F179922F96360000DE5DC /* Base */ = {isa = PBXFileReference; lastKnownFileType = file.storyboard; name = Base; path = Base.lproj/LaunchScreen.storyboard; sourceTree = "<group>"; };
		703F179B22F96360000DE5DC /* Info.plist */ = {isa = PBXFileReference; lastKnownFileType = text.plist.xml; path = Info.plist; sourceTree = "<group>"; };
		70C38B8A2316FFF50047DE4A /* MealTrackerTests.xctest */ = {isa = PBXFileReference; explicitFileType = wrapper.cfbundle; includeInIndex = 0; path = MealTrackerTests.xctest; sourceTree = BUILT_PRODUCTS_DIR; };
		70C38B8C2316FFF50047DE4A /* MealTrackerTests.swift */ = {isa = PBXFileReference; lastKnownFileType = sourcecode.swift; path = MealTrackerTests.swift; sourceTree = "<group>"; };
		70C38B8E2316FFF50047DE4A /* Info.plist */ = {isa = PBXFileReference; lastKnownFileType = text.plist.xml; path = Info.plist; sourceTree = "<group>"; };
		70C38B942317DC930047DE4A /* MealTableViewCell.swift */ = {isa = PBXFileReference; lastKnownFileType = sourcecode.swift; path = MealTableViewCell.swift; sourceTree = "<group>"; };
		70C38B982317F10B0047DE4A /* MealTableViewController.swift */ = {isa = PBXFileReference; lastKnownFileType = sourcecode.swift; path = MealTableViewController.swift; sourceTree = "<group>"; };
/* End PBXFileReference section */

/* Begin PBXFrameworksBuildPhase section */
		703F178922F9635E000DE5DC /* Frameworks */ = {
			isa = PBXFrameworksBuildPhase;
			buildActionMask = 2147483647;
			files = (
			);
			runOnlyForDeploymentPostprocessing = 0;
		};
		70C38B872316FFF50047DE4A /* Frameworks */ = {
			isa = PBXFrameworksBuildPhase;
			buildActionMask = 2147483647;
			files = (
			);
			runOnlyForDeploymentPostprocessing = 0;
		};
/* End PBXFrameworksBuildPhase section */

/* Begin PBXGroup section */
		703F178322F9635E000DE5DC = {
			isa = PBXGroup;
			children = (
				703F178E22F9635E000DE5DC /* MealTracker */,
				70C38B8B2316FFF50047DE4A /* MealTrackerTests */,
				703F178D22F9635E000DE5DC /* Products */,
			);
			sourceTree = "<group>";
		};
		703F178D22F9635E000DE5DC /* Products */ = {
			isa = PBXGroup;
			children = (
				703F178C22F9635E000DE5DC /* MealTracker.app */,
				70C38B8A2316FFF50047DE4A /* MealTrackerTests.xctest */,
			);
			name = Products;
			sourceTree = "<group>";
		};
		703F178E22F9635E000DE5DC /* MealTracker */ = {
			isa = PBXGroup;
			children = (
				703F178F22F9635E000DE5DC /* AppDelegate.swift */,
				7016EFF522FD9A2900CE44F7 /* Meal.swift */,
				70C38B942317DC930047DE4A /* MealTableViewCell.swift */,
				70C38B982317F10B0047DE4A /* MealTableViewController.swift */,
				703F179122F9635E000DE5DC /* MealViewController.swift */,
				701403CC22FC9BAA0069B950 /* RatingControl.swift */,
				703F179622F96360000DE5DC /* Assets.xcassets */,
				703F179822F96360000DE5DC /* LaunchScreen.storyboard */,
				703F179322F9635E000DE5DC /* Main.storyboard */,
				703F179B22F96360000DE5DC /* Info.plist */,
			);
			path = MealTracker;
			sourceTree = "<group>";
		};
		70C38B8B2316FFF50047DE4A /* MealTrackerTests */ = {
			isa = PBXGroup;
			children = (
				70C38B8C2316FFF50047DE4A /* MealTrackerTests.swift */,
				70C38B8E2316FFF50047DE4A /* Info.plist */,
			);
			path = MealTrackerTests;
			sourceTree = "<group>";
		};
/* End PBXGroup section */

/* Begin PBXNativeTarget section */
		703F178B22F9635E000DE5DC /* MealTracker */ = {
			isa = PBXNativeTarget;
			buildConfigurationList = 703F17A922F96360000DE5DC /* Build configuration list for PBXNativeTarget "MealTracker" */;
			buildPhases = (
				703F178822F9635E000DE5DC /* Sources */,
				703F178922F9635E000DE5DC /* Frameworks */,
				703F178A22F9635E000DE5DC /* Resources */,
			);
			buildRules = (
			);
			dependencies = (
			);
			name = MealTracker;
			productName = MealTracker;
			productReference = 703F178C22F9635E000DE5DC /* MealTracker.app */;
			productType = "com.apple.product-type.application";
		};
		70C38B892316FFF50047DE4A /* MealTrackerTests */ = {
			isa = PBXNativeTarget;
			buildConfigurationList = 70C38B912316FFF50047DE4A /* Build configuration list for PBXNativeTarget "MealTrackerTests" */;
			buildPhases = (
				70C38B862316FFF50047DE4A /* Sources */,
				70C38B872316FFF50047DE4A /* Frameworks */,
				70C38B882316FFF50047DE4A /* Resources */,
			);
			buildRules = (
			);
			dependencies = (
				70C38B902316FFF50047DE4A /* PBXTargetDependency */,
			);
			name = MealTrackerTests;
			productName = MealTrackerAppTests;
			productReference = 70C38B8A2316FFF50047DE4A /* MealTrackerTests.xctest */;
			productType = "com.apple.product-type.bundle.unit-test";
		};
/* End PBXNativeTarget section */

/* Begin PBXProject section */
		703F178422F9635E000DE5DC /* Project object */ = {
			isa = PBXProject;
			attributes = {
				LastSwiftUpdateCheck = 1030;
				LastUpgradeCheck = 1030;
				ORGANIZATIONNAME = "Adam Jaamour";
				TargetAttributes = {
					703F178B22F9635E000DE5DC = {
						CreatedOnToolsVersion = 10.3;
					};
					70C38B892316FFF50047DE4A = {
						CreatedOnToolsVersion = 10.3;
						TestTargetID = 703F178B22F9635E000DE5DC;
					};
				};
			};
			buildConfigurationList = 703F178722F9635E000DE5DC /* Build configuration list for PBXProject "MealTracker" */;
			compatibilityVersion = "Xcode 9.3";
			developmentRegion = en;
			hasScannedForEncodings = 0;
			knownRegions = (
				en,
				Base,
			);
			mainGroup = 703F178322F9635E000DE5DC;
			productRefGroup = 703F178D22F9635E000DE5DC /* Products */;
			projectDirPath = "";
			projectRoot = "";
			targets = (
				703F178B22F9635E000DE5DC /* MealTracker */,
				70C38B892316FFF50047DE4A /* MealTrackerTests */,
			);
		};
/* End PBXProject section */

/* Begin PBXResourcesBuildPhase section */
		703F178A22F9635E000DE5DC /* Resources */ = {
			isa = PBXResourcesBuildPhase;
			buildActionMask = 2147483647;
			files = (
				703F179A22F96360000DE5DC /* LaunchScreen.storyboard in Resources */,
				703F179722F96360000DE5DC /* Assets.xcassets in Resources */,
				703F179522F9635E000DE5DC /* Main.storyboard in Resources */,
			);
			runOnlyForDeploymentPostprocessing = 0;
		};
		70C38B882316FFF50047DE4A /* Resources */ = {
			isa = PBXResourcesBuildPhase;
			buildActionMask = 2147483647;
			files = (
			);
			runOnlyForDeploymentPostprocessing = 0;
		};
/* End PBXResourcesBuildPhase section */

/* Begin PBXSourcesBuildPhase section */
		703F178822F9635E000DE5DC /* Sources */ = {
			isa = PBXSourcesBuildPhase;
			buildActionMask = 2147483647;
			files = (
				7016EFF622FD9A2900CE44F7 /* Meal.swift in Sources */,
				703F179222F9635E000DE5DC /* MealViewController.swift in Sources */,
				701403CD22FC9BAA0069B950 /* RatingControl.swift in Sources */,
				703F179022F9635E000DE5DC /* AppDelegate.swift in Sources */,
				70C38B992317F10B0047DE4A /* MealTableViewController.swift in Sources */,
				70C38B952317DC930047DE4A /* MealTableViewCell.swift in Sources */,
			);
			runOnlyForDeploymentPostprocessing = 0;
		};
		70C38B862316FFF50047DE4A /* Sources */ = {
			isa = PBXSourcesBuildPhase;
			buildActionMask = 2147483647;
			files = (
				70C38B8D2316FFF50047DE4A /* MealTrackerTests.swift in Sources */,
			);
			runOnlyForDeploymentPostprocessing = 0;
		};
/* End PBXSourcesBuildPhase section */

/* Begin PBXTargetDependency section */
		70C38B902316FFF50047DE4A /* PBXTargetDependency */ = {
			isa = PBXTargetDependency;
			target = 703F178B22F9635E000DE5DC /* MealTracker */;
			targetProxy = 70C38B8F2316FFF50047DE4A /* PBXContainerItemProxy */;
		};
/* End PBXTargetDependency section */

/* Begin PBXVariantGroup section */
		703F179322F9635E000DE5DC /* Main.storyboard */ = {
			isa = PBXVariantGroup;
			children = (
				703F179422F9635E000DE5DC /* Base */,
			);
			name = Main.storyboard;
			sourceTree = "<group>";
		};
		703F179822F96360000DE5DC /* LaunchScreen.storyboard */ = {
			isa = PBXVariantGroup;
			children = (
				703F179922F96360000DE5DC /* Base */,
			);
			name = LaunchScreen.storyboard;
			sourceTree = "<group>";
		};
/* End PBXVariantGroup section */

/* Begin XCBuildConfiguration section */
		703F17A722F96360000DE5DC /* Debug */ = {
			isa = XCBuildConfiguration;
			buildSettings = {
				ALWAYS_SEARCH_USER_PATHS = NO;
				CLANG_ANALYZER_NONNULL = YES;
				CLANG_ANALYZER_NUMBER_OBJECT_CONVERSION = YES_AGGRESSIVE;
				CLANG_CXX_LANGUAGE_STANDARD = "gnu++14";
				CLANG_CXX_LIBRARY = "libc++";
				CLANG_ENABLE_MODULES = YES;
				CLANG_ENABLE_OBJC_ARC = YES;
				CLANG_ENABLE_OBJC_WEAK = YES;
				CLANG_WARN_BLOCK_CAPTURE_AUTORELEASING = YES;
				CLANG_WARN_BOOL_CONVERSION = YES;
				CLANG_WARN_COMMA = YES;
				CLANG_WARN_CONSTANT_CONVERSION = YES;
				CLANG_WARN_DEPRECATED_OBJC_IMPLEMENTATIONS = YES;
				CLANG_WARN_DIRECT_OBJC_ISA_USAGE = YES_ERROR;
				CLANG_WARN_DOCUMENTATION_COMMENTS = YES;
				CLANG_WARN_EMPTY_BODY = YES;
				CLANG_WARN_ENUM_CONVERSION = YES;
				CLANG_WARN_INFINITE_RECURSION = YES;
				CLANG_WARN_INT_CONVERSION = YES;
				CLANG_WARN_NON_LITERAL_NULL_CONVERSION = YES;
				CLANG_WARN_OBJC_IMPLICIT_RETAIN_SELF = YES;
				CLANG_WARN_OBJC_LITERAL_CONVERSION = YES;
				CLANG_WARN_OBJC_ROOT_CLASS = YES_ERROR;
				CLANG_WARN_RANGE_LOOP_ANALYSIS = YES;
				CLANG_WARN_STRICT_PROTOTYPES = YES;
				CLANG_WARN_SUSPICIOUS_MOVE = YES;
				CLANG_WARN_UNGUARDED_AVAILABILITY = YES_AGGRESSIVE;
				CLANG_WARN_UNREACHABLE_CODE = YES;
				CLANG_WARN__DUPLICATE_METHOD_MATCH = YES;
				CODE_SIGN_IDENTITY = "iPhone Developer";
				COPY_PHASE_STRIP = NO;
				DEBUG_INFORMATION_FORMAT = dwarf;
				ENABLE_STRICT_OBJC_MSGSEND = YES;
				ENABLE_TESTABILITY = YES;
				GCC_C_LANGUAGE_STANDARD = gnu11;
				GCC_DYNAMIC_NO_PIC = NO;
				GCC_NO_COMMON_BLOCKS = YES;
				GCC_OPTIMIZATION_LEVEL = 0;
				GCC_PREPROCESSOR_DEFINITIONS = (
					"DEBUG=1",
					"$(inherited)",
				);
				GCC_WARN_64_TO_32_BIT_CONVERSION = YES;
				GCC_WARN_ABOUT_RETURN_TYPE = YES_ERROR;
				GCC_WARN_UNDECLARED_SELECTOR = YES;
				GCC_WARN_UNINITIALIZED_AUTOS = YES_AGGRESSIVE;
				GCC_WARN_UNUSED_FUNCTION = YES;
				GCC_WARN_UNUSED_VARIABLE = YES;
				IPHONEOS_DEPLOYMENT_TARGET = 12.4;
				MTL_ENABLE_DEBUG_INFO = INCLUDE_SOURCE;
				MTL_FAST_MATH = YES;
				ONLY_ACTIVE_ARCH = YES;
				SDKROOT = iphoneos;
				SWIFT_ACTIVE_COMPILATION_CONDITIONS = DEBUG;
				SWIFT_OPTIMIZATION_LEVEL = "-Onone";
			};
			name = Debug;
		};
		703F17A822F96360000DE5DC /* Release */ = {
			isa = XCBuildConfiguration;
			buildSettings = {
				ALWAYS_SEARCH_USER_PATHS = NO;
				CLANG_ANALYZER_NONNULL = YES;
				CLANG_ANALYZER_NUMBER_OBJECT_CONVERSION = YES_AGGRESSIVE;
				CLANG_CXX_LANGUAGE_STANDARD = "gnu++14";
				CLANG_CXX_LIBRARY = "libc++";
				CLANG_ENABLE_MODULES = YES;
				CLANG_ENABLE_OBJC_ARC = YES;
				CLANG_ENABLE_OBJC_WEAK = YES;
				CLANG_WARN_BLOCK_CAPTURE_AUTORELEASING = YES;
				CLANG_WARN_BOOL_CONVERSION = YES;
				CLANG_WARN_COMMA = YES;
				CLANG_WARN_CONSTANT_CONVERSION = YES;
				CLANG_WARN_DEPRECATED_OBJC_IMPLEMENTATIONS = YES;
				CLANG_WARN_DIRECT_OBJC_ISA_USAGE = YES_ERROR;
				CLANG_WARN_DOCUMENTATION_COMMENTS = YES;
				CLANG_WARN_EMPTY_BODY = YES;
				CLANG_WARN_ENUM_CONVERSION = YES;
				CLANG_WARN_INFINITE_RECURSION = YES;
				CLANG_WARN_INT_CONVERSION = YES;
				CLANG_WARN_NON_LITERAL_NULL_CONVERSION = YES;
				CLANG_WARN_OBJC_IMPLICIT_RETAIN_SELF = YES;
				CLANG_WARN_OBJC_LITERAL_CONVERSION = YES;
				CLANG_WARN_OBJC_ROOT_CLASS = YES_ERROR;
				CLANG_WARN_RANGE_LOOP_ANALYSIS = YES;
				CLANG_WARN_STRICT_PROTOTYPES = YES;
				CLANG_WARN_SUSPICIOUS_MOVE = YES;
				CLANG_WARN_UNGUARDED_AVAILABILITY = YES_AGGRESSIVE;
				CLANG_WARN_UNREACHABLE_CODE = YES;
				CLANG_WARN__DUPLICATE_METHOD_MATCH = YES;
				CODE_SIGN_IDENTITY = "iPhone Developer";
				COPY_PHASE_STRIP = NO;
				DEBUG_INFORMATION_FORMAT = "dwarf-with-dsym";
				ENABLE_NS_ASSERTIONS = NO;
				ENABLE_STRICT_OBJC_MSGSEND = YES;
				GCC_C_LANGUAGE_STANDARD = gnu11;
				GCC_NO_COMMON_BLOCKS = YES;
				GCC_WARN_64_TO_32_BIT_CONVERSION = YES;
				GCC_WARN_ABOUT_RETURN_TYPE = YES_ERROR;
				GCC_WARN_UNDECLARED_SELECTOR = YES;
				GCC_WARN_UNINITIALIZED_AUTOS = YES_AGGRESSIVE;
				GCC_WARN_UNUSED_FUNCTION = YES;
				GCC_WARN_UNUSED_VARIABLE = YES;
				IPHONEOS_DEPLOYMENT_TARGET = 12.4;
				MTL_ENABLE_DEBUG_INFO = NO;
				MTL_FAST_MATH = YES;
				SDKROOT = iphoneos;
				SWIFT_COMPILATION_MODE = wholemodule;
				SWIFT_OPTIMIZATION_LEVEL = "-O";
				VALIDATE_PRODUCT = YES;
			};
			name = Release;
		};
		703F17AA22F96360000DE5DC /* Debug */ = {
			isa = XCBuildConfiguration;
			buildSettings = {
				ASSETCATALOG_COMPILER_APPICON_NAME = AppIcon;
				CODE_SIGN_STYLE = Automatic;
				DEVELOPMENT_TEAM = 9P4653TX4M;
				INFOPLIST_FILE = MealTracker/Info.plist;
				LD_RUNPATH_SEARCH_PATHS = (
					"$(inherited)",
					"@executable_path/Frameworks",
				);
				PRODUCT_BUNDLE_IDENTIFIER = com.jaamour.MealTracker;
				PRODUCT_NAME = "$(TARGET_NAME)";
				SWIFT_VERSION = 5.0;
				TARGETED_DEVICE_FAMILY = 1;
			};
			name = Debug;
		};
		703F17AB22F96360000DE5DC /* Release */ = {
			isa = XCBuildConfiguration;
			buildSettings = {
				ASSETCATALOG_COMPILER_APPICON_NAME = AppIcon;
				CODE_SIGN_STYLE = Automatic;
				DEVELOPMENT_TEAM = 9P4653TX4M;
				INFOPLIST_FILE = MealTracker/Info.plist;
				LD_RUNPATH_SEARCH_PATHS = (
					"$(inherited)",
					"@executable_path/Frameworks",
				);
				PRODUCT_BUNDLE_IDENTIFIER = com.jaamour.MealTracker;
				PRODUCT_NAME = "$(TARGET_NAME)";
				SWIFT_VERSION = 5.0;
				TARGETED_DEVICE_FAMILY = 1;
			};
			name = Release;
		};
		70C38B922316FFF50047DE4A /* Debug */ = {
			isa = XCBuildConfiguration;
			buildSettings = {
				BUNDLE_LOADER = "$(TEST_HOST)";
				CODE_SIGN_STYLE = Automatic;
				DEVELOPMENT_TEAM = 9P4653TX4M;
				INFOPLIST_FILE = MealTrackerTests/Info.plist;
				LD_RUNPATH_SEARCH_PATHS = (
					"$(inherited)",
					"@executable_path/Frameworks",
					"@loader_path/Frameworks",
				);
				PRODUCT_BUNDLE_IDENTIFIER = com.jaamour.MealTrackerTests;
				PRODUCT_NAME = "$(TARGET_NAME)";
				SWIFT_VERSION = 5.0;
				TARGETED_DEVICE_FAMILY = "1,2";
				TEST_HOST = "$(BUILT_PRODUCTS_DIR)/MealTracker.app/MealTracker";
			};
			name = Debug;
		};
		70C38B932316FFF50047DE4A /* Release */ = {
			isa = XCBuildConfiguration;
			buildSettings = {
				BUNDLE_LOADER = "$(TEST_HOST)";
				CODE_SIGN_STYLE = Automatic;
				DEVELOPMENT_TEAM = 9P4653TX4M;
				INFOPLIST_FILE = MealTrackerTests/Info.plist;
				LD_RUNPATH_SEARCH_PATHS = (
					"$(inherited)",
					"@executable_path/Frameworks",
					"@loader_path/Frameworks",
				);
				PRODUCT_BUNDLE_IDENTIFIER = com.jaamour.MealTrackerTests;
				PRODUCT_NAME = "$(TARGET_NAME)";
				SWIFT_VERSION = 5.0;
				TARGETED_DEVICE_FAMILY = "1,2";
				TEST_HOST = "$(BUILT_PRODUCTS_DIR)/MealTracker.app/MealTracker";
			};
			name = Release;
		};
/* End XCBuildConfiguration section */

/* Begin XCConfigurationList section */
		703F178722F9635E000DE5DC /* Build configuration list for PBXProject "MealTracker" */ = {
			isa = XCConfigurationList;
			buildConfigurations = (
				703F17A722F96360000DE5DC /* Debug */,
				703F17A822F96360000DE5DC /* Release */,
			);
			defaultConfigurationIsVisible = 0;
			defaultConfigurationName = Release;
		};
		703F17A922F96360000DE5DC /* Build configuration list for PBXNativeTarget "MealTracker" */ = {
			isa = XCConfigurationList;
			buildConfigurations = (
				703F17AA22F96360000DE5DC /* Debug */,
				703F17AB22F96360000DE5DC /* Release */,
			);
			defaultConfigurationIsVisible = 0;
			defaultConfigurationName = Release;
		};
		70C38B912316FFF50047DE4A /* Build configuration list for PBXNativeTarget "MealTrackerTests" */ = {
			isa = XCConfigurationList;
			buildConfigurations = (
				70C38B922316FFF50047DE4A /* Debug */,
				70C38B932316FFF50047DE4A /* Release */,
			);
			defaultConfigurationIsVisible = 0;
			defaultConfigurationName = Release;
		};
/* End XCConfigurationList section */
	};
	rootObject = 703F178422F9635E000DE5DC /* Project object */;
}
